// !$*UTF8*$!
{
	archiveVersion = 1;
	classes = {
	};
	objectVersion = 51;
	objects = {

/* Begin PBXBuildFile section */
		3471395C24BD082900DF5075 /* AppDelegate.swift in Sources */ = {isa = PBXBuildFile; fileRef = 3471395B24BD082900DF5075 /* AppDelegate.swift */; };
		3471395E24BD082900DF5075 /* SceneDelegate.swift in Sources */ = {isa = PBXBuildFile; fileRef = 3471395D24BD082900DF5075 /* SceneDelegate.swift */; };
		3471396024BD082900DF5075 /* ViewController.swift in Sources */ = {isa = PBXBuildFile; fileRef = 3471395F24BD082900DF5075 /* ViewController.swift */; };
		3471396324BD082900DF5075 /* Main.storyboard in Resources */ = {isa = PBXBuildFile; fileRef = 3471396124BD082900DF5075 /* Main.storyboard */; };
		3471396524BD082C00DF5075 /* Assets.xcassets in Resources */ = {isa = PBXBuildFile; fileRef = 3471396424BD082C00DF5075 /* Assets.xcassets */; };
		3471396824BD082C00DF5075 /* LaunchScreen.storyboard in Resources */ = {isa = PBXBuildFile; fileRef = 3471396624BD082C00DF5075 /* LaunchScreen.storyboard */; };
		3471397024BD0BAB00DF5075 /* HeightViewController.swift in Sources */ = {isa = PBXBuildFile; fileRef = 3471396F24BD0BAB00DF5075 /* HeightViewController.swift */; };
		3471397224BD111400DF5075 /* SpeedViewController.swift in Sources */ = {isa = PBXBuildFile; fileRef = 3471397124BD111400DF5075 /* SpeedViewController.swift */; };
		3471397424BE309D00DF5075 /* PlaylistMadeViewController.swift in Sources */ = {isa = PBXBuildFile; fileRef = 3471397324BE309D00DF5075 /* PlaylistMadeViewController.swift */; };
		3471397C24C0E6D900DF5075 /* Song.swift in Sources */ = {isa = PBXBuildFile; fileRef = 3471397B24C0E6D900DF5075 /* Song.swift */; };
		3471397E24C0E70D00DF5075 /* Artists.swift in Sources */ = {isa = PBXBuildFile; fileRef = 3471397D24C0E70D00DF5075 /* Artists.swift */; };
		3471398024C0E9D900DF5075 /* Images.swift in Sources */ = {isa = PBXBuildFile; fileRef = 3471397F24C0E9D900DF5075 /* Images.swift */; };
		3471398224C0F4A800DF5075 /* Album.swift in Sources */ = {isa = PBXBuildFile; fileRef = 3471398124C0F4A800DF5075 /* Album.swift */; };
		3471398824C11DBF00DF5075 /* image-asset.png in Resources */ = {isa = PBXBuildFile; fileRef = 3471398724C11DBF00DF5075 /* image-asset.png */; };
		F59C029B9FCA127B686C3AA0 /* Pods_tempo.framework in Frameworks */ = {isa = PBXBuildFile; fileRef = 487C25CC155FF488677FAC01 /* Pods_tempo.framework */; };
/* End PBXBuildFile section */

/* Begin PBXFileReference section */
		1DFF28DA00D680701023A5D6 /* Pods-tempo.debug.xcconfig */ = {isa = PBXFileReference; includeInIndex = 1; lastKnownFileType = text.xcconfig; name = "Pods-tempo.debug.xcconfig"; path = "Target Support Files/Pods-tempo/Pods-tempo.debug.xcconfig"; sourceTree = "<group>"; };
		31F6C104B771E442B934207E /* Pods-tempo.release.xcconfig */ = {isa = PBXFileReference; includeInIndex = 1; lastKnownFileType = text.xcconfig; name = "Pods-tempo.release.xcconfig"; path = "Target Support Files/Pods-tempo/Pods-tempo.release.xcconfig"; sourceTree = "<group>"; };
		3471395824BD082900DF5075 /* tempo.app */ = {isa = PBXFileReference; explicitFileType = wrapper.application; includeInIndex = 0; path = tempo.app; sourceTree = BUILT_PRODUCTS_DIR; };
		3471395B24BD082900DF5075 /* AppDelegate.swift */ = {isa = PBXFileReference; lastKnownFileType = sourcecode.swift; path = AppDelegate.swift; sourceTree = "<group>"; };
		3471395D24BD082900DF5075 /* SceneDelegate.swift */ = {isa = PBXFileReference; lastKnownFileType = sourcecode.swift; path = SceneDelegate.swift; sourceTree = "<group>"; };
		3471395F24BD082900DF5075 /* ViewController.swift */ = {isa = PBXFileReference; lastKnownFileType = sourcecode.swift; path = ViewController.swift; sourceTree = "<group>"; };
		3471396224BD082900DF5075 /* Base */ = {isa = PBXFileReference; lastKnownFileType = file.storyboard; name = Base; path = Base.lproj/Main.storyboard; sourceTree = "<group>"; };
		3471396424BD082C00DF5075 /* Assets.xcassets */ = {isa = PBXFileReference; lastKnownFileType = folder.assetcatalog; path = Assets.xcassets; sourceTree = "<group>"; };
		3471396724BD082C00DF5075 /* Base */ = {isa = PBXFileReference; lastKnownFileType = file.storyboard; name = Base; path = Base.lproj/LaunchScreen.storyboard; sourceTree = "<group>"; };
		3471396924BD082C00DF5075 /* Info.plist */ = {isa = PBXFileReference; lastKnownFileType = text.plist.xml; path = Info.plist; sourceTree = "<group>"; };
		3471396F24BD0BAB00DF5075 /* HeightViewController.swift */ = {isa = PBXFileReference; lastKnownFileType = sourcecode.swift; path = HeightViewController.swift; sourceTree = "<group>"; };
		3471397124BD111400DF5075 /* SpeedViewController.swift */ = {isa = PBXFileReference; lastKnownFileType = sourcecode.swift; path = SpeedViewController.swift; sourceTree = "<group>"; };
		3471397324BE309D00DF5075 /* PlaylistMadeViewController.swift */ = {isa = PBXFileReference; lastKnownFileType = sourcecode.swift; path = PlaylistMadeViewController.swift; sourceTree = "<group>"; };
		3471397B24C0E6D900DF5075 /* Song.swift */ = {isa = PBXFileReference; lastKnownFileType = sourcecode.swift; path = Song.swift; sourceTree = "<group>"; };
		3471397D24C0E70D00DF5075 /* Artists.swift */ = {isa = PBXFileReference; lastKnownFileType = sourcecode.swift; name = Artists.swift; path = /Users/quin/developer/capstone/tempo/tempo/Artists.swift; sourceTree = "<absolute>"; };
		3471397F24C0E9D900DF5075 /* Images.swift */ = {isa = PBXFileReference; lastKnownFileType = sourcecode.swift; path = Images.swift; sourceTree = "<group>"; };
		3471398124C0F4A800DF5075 /* Album.swift */ = {isa = PBXFileReference; lastKnownFileType = sourcecode.swift; path = Album.swift; sourceTree = "<group>"; };
		3471398324C0F9CB00DF5075 /* Artists.swift */ = {isa = PBXFileReference; lastKnownFileType = sourcecode.swift; path = Artists.swift; sourceTree = "<group>"; };
		3471398724C11DBF00DF5075 /* image-asset.png */ = {isa = PBXFileReference; lastKnownFileType = image.png; name = "image-asset.png"; path = "Assets.xcassets/image-asset.png"; sourceTree = "<group>"; };
		487C25CC155FF488677FAC01 /* Pods_tempo.framework */ = {isa = PBXFileReference; explicitFileType = wrapper.framework; includeInIndex = 0; path = Pods_tempo.framework; sourceTree = BUILT_PRODUCTS_DIR; };
/* End PBXFileReference section */

/* Begin PBXFrameworksBuildPhase section */
		3471395524BD082900DF5075 /* Frameworks */ = {
			isa = PBXFrameworksBuildPhase;
			buildActionMask = 2147483647;
			files = (
				F59C029B9FCA127B686C3AA0 /* Pods_tempo.framework in Frameworks */,
			);
			runOnlyForDeploymentPostprocessing = 0;
		};
/* End PBXFrameworksBuildPhase section */

/* Begin PBXGroup section */
		3471394F24BD082900DF5075 = {
			isa = PBXGroup;
			children = (
				3471395A24BD082900DF5075 /* tempo */,
				3471395924BD082900DF5075 /* Products */,
				7BB6553DBC8893D435F25FD2 /* Pods */,
				39EEE7640658E13CC1A72545 /* Frameworks */,
			);
			sourceTree = "<group>";
		};
		3471395924BD082900DF5075 /* Products */ = {
			isa = PBXGroup;
			children = (
				3471395824BD082900DF5075 /* tempo.app */,
			);
			name = Products;
			sourceTree = "<group>";
		};
		3471395A24BD082900DF5075 /* tempo */ = {
			isa = PBXGroup;
			children = (
				3471395B24BD082900DF5075 /* AppDelegate.swift */,
				3471395D24BD082900DF5075 /* SceneDelegate.swift */,
				3471395F24BD082900DF5075 /* ViewController.swift */,
				3471396124BD082900DF5075 /* Main.storyboard */,
				3471397324BE309D00DF5075 /* PlaylistMadeViewController.swift */,
				3471397124BD111400DF5075 /* SpeedViewController.swift */,
				3471398124C0F4A800DF5075 /* Album.swift */,
				3471397D24C0E70D00DF5075 /* Artists.swift */,
				3471398324C0F9CB00DF5075 /* Artists.swift */,
				3471397B24C0E6D900DF5075 /* Song.swift */,
				3471397F24C0E9D900DF5075 /* Images.swift */,
				3471396F24BD0BAB00DF5075 /* HeightViewController.swift */,
				3471396424BD082C00DF5075 /* Assets.xcassets */,
				3471398724C11DBF00DF5075 /* image-asset.png */,
				3471396624BD082C00DF5075 /* LaunchScreen.storyboard */,
				3471396924BD082C00DF5075 /* Info.plist */,
			);
			path = tempo;
			sourceTree = "<group>";
		};
		39EEE7640658E13CC1A72545 /* Frameworks */ = {
			isa = PBXGroup;
			children = (
				487C25CC155FF488677FAC01 /* Pods_tempo.framework */,
			);
			name = Frameworks;
			sourceTree = "<group>";
		};
		7BB6553DBC8893D435F25FD2 /* Pods */ = {
			isa = PBXGroup;
			children = (
				1DFF28DA00D680701023A5D6 /* Pods-tempo.debug.xcconfig */,
				31F6C104B771E442B934207E /* Pods-tempo.release.xcconfig */,
			);
			path = Pods;
			sourceTree = "<group>";
		};
/* End PBXGroup section */

/* Begin PBXNativeTarget section */
		3471395724BD082900DF5075 /* tempo */ = {
			isa = PBXNativeTarget;
			buildConfigurationList = 3471396C24BD082C00DF5075 /* Build configuration list for PBXNativeTarget "tempo" */;
			buildPhases = (
				AF0834B1C095BC83112B85AE /* [CP] Check Pods Manifest.lock */,
				3471395424BD082900DF5075 /* Sources */,
				3471395524BD082900DF5075 /* Frameworks */,
				3471395624BD082900DF5075 /* Resources */,
				B4AA212A68CEE665BB5A6EFF /* [CP] Embed Pods Frameworks */,
			);
			buildRules = (
			);
			dependencies = (
			);
			name = tempo;
			productName = tempo;
			productReference = 3471395824BD082900DF5075 /* tempo.app */;
			productType = "com.apple.product-type.application";
		};
/* End PBXNativeTarget section */

/* Begin PBXProject section */
		3471395024BD082900DF5075 /* Project object */ = {
			isa = PBXProject;
			attributes = {
				LastSwiftUpdateCheck = 1150;
				LastUpgradeCheck = 1150;
				ORGANIZATIONNAME = "Quinn Quintero";
				TargetAttributes = {
					3471395724BD082900DF5075 = {
						CreatedOnToolsVersion = 11.5;
					};
				};
			};
			buildConfigurationList = 3471395324BD082900DF5075 /* Build configuration list for PBXProject "tempo" */;
			compatibilityVersion = "Xcode 9.3";
			developmentRegion = en;
			hasScannedForEncodings = 0;
			knownRegions = (
				en,
				Base,
			);
			mainGroup = 3471394F24BD082900DF5075;
			productRefGroup = 3471395924BD082900DF5075 /* Products */;
			projectDirPath = "";
			projectRoot = "";
			targets = (
				3471395724BD082900DF5075 /* tempo */,
			);
		};
/* End PBXProject section */

/* Begin PBXResourcesBuildPhase section */
		3471395624BD082900DF5075 /* Resources */ = {
			isa = PBXResourcesBuildPhase;
			buildActionMask = 2147483647;
			files = (
				3471396824BD082C00DF5075 /* LaunchScreen.storyboard in Resources */,
				3471396524BD082C00DF5075 /* Assets.xcassets in Resources */,
				3471398824C11DBF00DF5075 /* image-asset.png in Resources */,
				3471396324BD082900DF5075 /* Main.storyboard in Resources */,
			);
			runOnlyForDeploymentPostprocessing = 0;
		};
/* End PBXResourcesBuildPhase section */

/* Begin PBXShellScriptBuildPhase section */
		AF0834B1C095BC83112B85AE /* [CP] Check Pods Manifest.lock */ = {
			isa = PBXShellScriptBuildPhase;
			buildActionMask = 2147483647;
			files = (
			);
			inputFileListPaths = (
			);
			inputPaths = (
				"${PODS_PODFILE_DIR_PATH}/Podfile.lock",
				"${PODS_ROOT}/Manifest.lock",
			);
			name = "[CP] Check Pods Manifest.lock";
			outputFileListPaths = (
			);
			outputPaths = (
				"$(DERIVED_FILE_DIR)/Pods-tempo-checkManifestLockResult.txt",
			);
			runOnlyForDeploymentPostprocessing = 0;
			shellPath = /bin/sh;
			shellScript = "diff \"${PODS_PODFILE_DIR_PATH}/Podfile.lock\" \"${PODS_ROOT}/Manifest.lock\" > /dev/null\nif [ $? != 0 ] ; then\n    # print error to STDERR\n    echo \"error: The sandbox is not in sync with the Podfile.lock. Run 'pod install' or update your CocoaPods installation.\" >&2\n    exit 1\nfi\n# This output is used by Xcode 'outputs' to avoid re-running this script phase.\necho \"SUCCESS\" > \"${SCRIPT_OUTPUT_FILE_0}\"\n";
			showEnvVarsInLog = 0;
		};
		B4AA212A68CEE665BB5A6EFF /* [CP] Embed Pods Frameworks */ = {
			isa = PBXShellScriptBuildPhase;
			buildActionMask = 2147483647;
			files = (
			);
			inputFileListPaths = (
				"${PODS_ROOT}/Target Support Files/Pods-tempo/Pods-tempo-frameworks-${CONFIGURATION}-input-files.xcfilelist",
			);
			name = "[CP] Embed Pods Frameworks";
			outputFileListPaths = (
				"${PODS_ROOT}/Target Support Files/Pods-tempo/Pods-tempo-frameworks-${CONFIGURATION}-output-files.xcfilelist",
			);
			runOnlyForDeploymentPostprocessing = 0;
			shellPath = /bin/sh;
			shellScript = "\"${PODS_ROOT}/Target Support Files/Pods-tempo/Pods-tempo-frameworks.sh\"\n";
			showEnvVarsInLog = 0;
		};
/* End PBXShellScriptBuildPhase section */

/* Begin PBXSourcesBuildPhase section */
		3471395424BD082900DF5075 /* Sources */ = {
			isa = PBXSourcesBuildPhase;
			buildActionMask = 2147483647;
			files = (
				3471397C24C0E6D900DF5075 /* Song.swift in Sources */,
				3471397424BE309D00DF5075 /* PlaylistMadeViewController.swift in Sources */,
				3471397E24C0E70D00DF5075 /* Artists.swift in Sources */,
				3471396024BD082900DF5075 /* ViewController.swift in Sources */,
				3471398024C0E9D900DF5075 /* Images.swift in Sources */,
				3471397224BD111400DF5075 /* SpeedViewController.swift in Sources */,
				3471397024BD0BAB00DF5075 /* HeightViewController.swift in Sources */,
				3471395C24BD082900DF5075 /* AppDelegate.swift in Sources */,
				3471395E24BD082900DF5075 /* SceneDelegate.swift in Sources */,
				3471398224C0F4A800DF5075 /* Album.swift in Sources */,
			);
			runOnlyForDeploymentPostprocessing = 0;
		};
/* End PBXSourcesBuildPhase section */

/* Begin PBXVariantGroup section */
		3471396124BD082900DF5075 /* Main.storyboard */ = {
			isa = PBXVariantGroup;
			children = (
				3471396224BD082900DF5075 /* Base */,
			);
			name = Main.storyboard;
			sourceTree = "<group>";
		};
		3471396624BD082C00DF5075 /* LaunchScreen.storyboard */ = {
			isa = PBXVariantGroup;
			children = (
				3471396724BD082C00DF5075 /* Base */,
			);
			name = LaunchScreen.storyboard;
			sourceTree = "<group>";
		};
/* End PBXVariantGroup section */

/* Begin XCBuildConfiguration section */
		3471396A24BD082C00DF5075 /* Debug */ = {
			isa = XCBuildConfiguration;
			buildSettings = {
				ALWAYS_SEARCH_USER_PATHS = NO;
				CLANG_ANALYZER_NONNULL = YES;
				CLANG_ANALYZER_NUMBER_OBJECT_CONVERSION = YES_AGGRESSIVE;
				CLANG_CXX_LANGUAGE_STANDARD = "gnu++14";
				CLANG_CXX_LIBRARY = "libc++";
				CLANG_ENABLE_MODULES = YES;
				CLANG_ENABLE_OBJC_ARC = YES;
				CLANG_ENABLE_OBJC_WEAK = YES;
				CLANG_WARN_BLOCK_CAPTURE_AUTORELEASING = YES;
				CLANG_WARN_BOOL_CONVERSION = YES;
				CLANG_WARN_COMMA = YES;
				CLANG_WARN_CONSTANT_CONVERSION = YES;
				CLANG_WARN_DEPRECATED_OBJC_IMPLEMENTATIONS = YES;
				CLANG_WARN_DIRECT_OBJC_ISA_USAGE = YES_ERROR;
				CLANG_WARN_DOCUMENTATION_COMMENTS = YES;
				CLANG_WARN_EMPTY_BODY = YES;
				CLANG_WARN_ENUM_CONVERSION = YES;
				CLANG_WARN_INFINITE_RECURSION = YES;
				CLANG_WARN_INT_CONVERSION = YES;
				CLANG_WARN_NON_LITERAL_NULL_CONVERSION = YES;
				CLANG_WARN_OBJC_IMPLICIT_RETAIN_SELF = YES;
				CLANG_WARN_OBJC_LITERAL_CONVERSION = YES;
				CLANG_WARN_OBJC_ROOT_CLASS = YES_ERROR;
				CLANG_WARN_RANGE_LOOP_ANALYSIS = YES;
				CLANG_WARN_STRICT_PROTOTYPES = YES;
				CLANG_WARN_SUSPICIOUS_MOVE = YES;
				CLANG_WARN_UNGUARDED_AVAILABILITY = YES_AGGRESSIVE;
				CLANG_WARN_UNREACHABLE_CODE = YES;
				CLANG_WARN__DUPLICATE_METHOD_MATCH = YES;
				COPY_PHASE_STRIP = NO;
				DEBUG_INFORMATION_FORMAT = dwarf;
				ENABLE_STRICT_OBJC_MSGSEND = YES;
				ENABLE_TESTABILITY = YES;
				GCC_C_LANGUAGE_STANDARD = gnu11;
				GCC_DYNAMIC_NO_PIC = NO;
				GCC_NO_COMMON_BLOCKS = YES;
				GCC_OPTIMIZATION_LEVEL = 0;
				GCC_PREPROCESSOR_DEFINITIONS = (
					"DEBUG=1",
					"$(inherited)",
				);
				GCC_WARN_64_TO_32_BIT_CONVERSION = YES;
				GCC_WARN_ABOUT_RETURN_TYPE = YES_ERROR;
				GCC_WARN_UNDECLARED_SELECTOR = YES;
				GCC_WARN_UNINITIALIZED_AUTOS = YES_AGGRESSIVE;
				GCC_WARN_UNUSED_FUNCTION = YES;
				GCC_WARN_UNUSED_VARIABLE = YES;
				IPHONEOS_DEPLOYMENT_TARGET = 13.5;
				MTL_ENABLE_DEBUG_INFO = INCLUDE_SOURCE;
				MTL_FAST_MATH = YES;
				ONLY_ACTIVE_ARCH = YES;
				SDKROOT = iphoneos;
				SWIFT_ACTIVE_COMPILATION_CONDITIONS = DEBUG;
				SWIFT_OPTIMIZATION_LEVEL = "-Onone";
			};
			name = Debug;
		};
		3471396B24BD082C00DF5075 /* Release */ = {
			isa = XCBuildConfiguration;
			buildSettings = {
				ALWAYS_SEARCH_USER_PATHS = NO;
				CLANG_ANALYZER_NONNULL = YES;
				CLANG_ANALYZER_NUMBER_OBJECT_CONVERSION = YES_AGGRESSIVE;
				CLANG_CXX_LANGUAGE_STANDARD = "gnu++14";
				CLANG_CXX_LIBRARY = "libc++";
				CLANG_ENABLE_MODULES = YES;
				CLANG_ENABLE_OBJC_ARC = YES;
				CLANG_ENABLE_OBJC_WEAK = YES;
				CLANG_WARN_BLOCK_CAPTURE_AUTORELEASING = YES;
				CLANG_WARN_BOOL_CONVERSION = YES;
				CLANG_WARN_COMMA = YES;
				CLANG_WARN_CONSTANT_CONVERSION = YES;
				CLANG_WARN_DEPRECATED_OBJC_IMPLEMENTATIONS = YES;
				CLANG_WARN_DIRECT_OBJC_ISA_USAGE = YES_ERROR;
				CLANG_WARN_DOCUMENTATION_COMMENTS = YES;
				CLANG_WARN_EMPTY_BODY = YES;
				CLANG_WARN_ENUM_CONVERSION = YES;
				CLANG_WARN_INFINITE_RECURSION = YES;
				CLANG_WARN_INT_CONVERSION = YES;
				CLANG_WARN_NON_LITERAL_NULL_CONVERSION = YES;
				CLANG_WARN_OBJC_IMPLICIT_RETAIN_SELF = YES;
				CLANG_WARN_OBJC_LITERAL_CONVERSION = YES;
				CLANG_WARN_OBJC_ROOT_CLASS = YES_ERROR;
				CLANG_WARN_RANGE_LOOP_ANALYSIS = YES;
				CLANG_WARN_STRICT_PROTOTYPES = YES;
				CLANG_WARN_SUSPICIOUS_MOVE = YES;
				CLANG_WARN_UNGUARDED_AVAILABILITY = YES_AGGRESSIVE;
				CLANG_WARN_UNREACHABLE_CODE = YES;
				CLANG_WARN__DUPLICATE_METHOD_MATCH = YES;
				COPY_PHASE_STRIP = NO;
				DEBUG_INFORMATION_FORMAT = "dwarf-with-dsym";
				ENABLE_NS_ASSERTIONS = NO;
				ENABLE_STRICT_OBJC_MSGSEND = YES;
				GCC_C_LANGUAGE_STANDARD = gnu11;
				GCC_NO_COMMON_BLOCKS = YES;
				GCC_WARN_64_TO_32_BIT_CONVERSION = YES;
				GCC_WARN_ABOUT_RETURN_TYPE = YES_ERROR;
				GCC_WARN_UNDECLARED_SELECTOR = YES;
				GCC_WARN_UNINITIALIZED_AUTOS = YES_AGGRESSIVE;
				GCC_WARN_UNUSED_FUNCTION = YES;
				GCC_WARN_UNUSED_VARIABLE = YES;
				IPHONEOS_DEPLOYMENT_TARGET = 13.5;
				MTL_ENABLE_DEBUG_INFO = NO;
				MTL_FAST_MATH = YES;
				SDKROOT = iphoneos;
				SWIFT_COMPILATION_MODE = wholemodule;
				SWIFT_OPTIMIZATION_LEVEL = "-O";
				VALIDATE_PRODUCT = YES;
			};
			name = Release;
		};
		3471396D24BD082C00DF5075 /* Debug */ = {
			isa = XCBuildConfiguration;
			baseConfigurationReference = 1DFF28DA00D680701023A5D6 /* Pods-tempo.debug.xcconfig */;
			buildSettings = {
				ASSETCATALOG_COMPILER_APPICON_NAME = AppIcon;
				CODE_SIGN_STYLE = Automatic;
				DEVELOPMENT_TEAM = 49QHQ2KZJ9;
				INFOPLIST_FILE = tempo/Info.plist;
				LD_RUNPATH_SEARCH_PATHS = (
					"$(inherited)",
					"@executable_path/Frameworks",
				);
				PRODUCT_BUNDLE_IDENTIFIER = quin.tempo;
				PRODUCT_NAME = "$(TARGET_NAME)";
				SWIFT_VERSION = 5.0;
				TARGETED_DEVICE_FAMILY = "1,2";
			};
			name = Debug;
		};
		3471396E24BD082C00DF5075 /* Release */ = {
			isa = XCBuildConfiguration;
			baseConfigurationReference = 31F6C104B771E442B934207E /* Pods-tempo.release.xcconfig */;
			buildSettings = {
				ASSETCATALOG_COMPILER_APPICON_NAME = AppIcon;
				CODE_SIGN_STYLE = Automatic;
				DEVELOPMENT_TEAM = 49QHQ2KZJ9;
				INFOPLIST_FILE = tempo/Info.plist;
				LD_RUNPATH_SEARCH_PATHS = (
					"$(inherited)",
					"@executable_path/Frameworks",
				);
				PRODUCT_BUNDLE_IDENTIFIER = quin.tempo;
				PRODUCT_NAME = "$(TARGET_NAME)";
				SWIFT_VERSION = 5.0;
				TARGETED_DEVICE_FAMILY = "1,2";
			};
			name = Release;
		};
/* End XCBuildConfiguration section */

/* Begin XCConfigurationList section */
		3471395324BD082900DF5075 /* Build configuration list for PBXProject "tempo" */ = {
			isa = XCConfigurationList;
			buildConfigurations = (
				3471396A24BD082C00DF5075 /* Debug */,
				3471396B24BD082C00DF5075 /* Release */,
			);
			defaultConfigurationIsVisible = 0;
			defaultConfigurationName = Release;
		};
		3471396C24BD082C00DF5075 /* Build configuration list for PBXNativeTarget "tempo" */ = {
			isa = XCConfigurationList;
			buildConfigurations = (
				3471396D24BD082C00DF5075 /* Debug */,
				3471396E24BD082C00DF5075 /* Release */,
			);
			defaultConfigurationIsVisible = 0;
			defaultConfigurationName = Release;
		};
/* End XCConfigurationList section */
	};
	rootObject = 3471395024BD082900DF5075 /* Project object */;
}
